
Microsoft Visual Studio Solution File, Format Version 12.00
# Visual Studio Version 16
VisualStudioVersion = 16.0.28922.388
MinimumVisualStudioVersion = 10.0.40219.1
Project("{9A19103F-16F7-4668-BE54-9A1E7A4F7556}") = "LanguageExtForNewDevelopersTutorial", "LanguageExtForNewDevelopersTutorial.csproj", "{C9CE3970-77BD-470A-986D-B394DF02F2F0}"
EndProject
Project("{9A19103F-16F7-4668-BE54-9A1E7A4F7556}") = "Tutorial01", "Tutorial0\Tutorial01.csproj", "{F826579F-640D-4642-B9F5-E192A7495385}"
EndProject
Project("{9A19103F-16F7-4668-BE54-9A1E7A4F7556}") = "Tutorial02", "Tutorial02\Tutorial02.csproj", "{C564BF24-2489-4196-B788-3902003BA2DB}"
EndProject
Project("{9A19103F-16F7-4668-BE54-9A1E7A4F7556}") = "Tutorial03", "Tutorial03\Tutorial03.csproj", "{51B4F093-B12E-4504-8A88-B2558F480587}"
EndProject
Project("{9A19103F-16F7-4668-BE54-9A1E7A4F7556}") = "Tutorial04", "Tutorial04\Tutorial04.csproj", "{E2DB556B-C0F2-47F7-87CF-940348BD1F80}"
EndProject
Project("{9A19103F-16F7-4668-BE54-9A1E7A4F7556}") = "Tutorial05", "Tutorial05\Tutorial05.csproj", "{84EBEF73-6854-4B18-B22B-BE1884343A1E}"
EndProject
Project("{9A19103F-16F7-4668-BE54-9A1E7A4F7556}") = "Tutorial06", "Tutorial06\Tutorial06.csproj", "{3FAE6EB9-6814-4025-96E1-6C148DEB1188}"
EndProject
Project("{9A19103F-16F7-4668-BE54-9A1E7A4F7556}") = "Tutorial07", "Tutorial07\Tutorial07.csproj", "{D9ACB79D-723C-4136-A740-01D5A34DD77A}"
EndProject
Project("{9A19103F-16F7-4668-BE54-9A1E7A4F7556}") = "Tutorial08", "Tutorial08\Tutorial08.csproj", "{ABBEC616-080F-470D-9004-8D4C1D760CC3}"
EndProject
Project("{9A19103F-16F7-4668-BE54-9A1E7A4F7556}") = "Tutorial09", "Tutorial09\Tutorial09.csproj", "{A7791FE8-440A-4549-86AF-A88CE3C46805}"
EndProject
Project("{9A19103F-16F7-4668-BE54-9A1E7A4F7556}") = "Tutorial10", "Tutorial10\Tutorial10.csproj", "{92077F17-6E08-47C6-92F5-C1E6C6EAF401}"
EndProject
Project("{9A19103F-16F7-4668-BE54-9A1E7A4F7556}") = "Tutorial11", "Tutorial11\Tutorial11.csproj", "{0B454CB1-FBFB-4860-AE53-D6218E381C83}"
EndProject
Project("{2150E333-8FDC-42A3-9474-1A3956D46DE8}") = "Solution Items", "Solution Items", "{0A25239A-ED02-4AF9-94D6-414D51D7BEB1}"
	ProjectSection(SolutionItems) = preProject
		README.md = README.md
	EndProjectSection
EndProject
Project("{9A19103F-16F7-4668-BE54-9A1E7A4F7556}") = "Tutorial12", "Tutorial12\Tutorial12.csproj", "{BDCA9D69-550E-49A5-A9C4-C75227830D7A}"
EndProject
Project("{9A19103F-16F7-4668-BE54-9A1E7A4F7556}") = "Tutorial13", "Tutorial13\Tutorial13.csproj", "{6394A341-70AF-48D1-80E4-64C6157462F7}"
EndProject
Project("{9A19103F-16F7-4668-BE54-9A1E7A4F7556}") = "Tutorial14", "Tutorial14\Tutorial14.csproj", "{007FC05F-3734-4911-A02D-A0CC94BD858C}"
EndProject
Project("{9A19103F-16F7-4668-BE54-9A1E7A4F7556}") = "Tutorial15", "Tutorial15\Tutorial15.csproj", "{5055BFB5-487B-424F-ABF8-4E8A15991CBE}"
EndProject
Project("{9A19103F-16F7-4668-BE54-9A1E7A4F7556}") = "Tutorial16", "Tutorial16\Tutorial16.csproj", "{0FA5C7F5-276E-433A-BC66-1F9E68BB1DCE}"
EndProject
Project("{9A19103F-16F7-4668-BE54-9A1E7A4F7556}") = "Tutorial17", "Tutorial17\Tutorial17.csproj", "{91F012BC-1F0D-4A61-BE2D-B64D9761591D}"
EndProject
Project("{9A19103F-16F7-4668-BE54-9A1E7A4F7556}") = "Tutorial18", "Tutorial18\Tutorial18.csproj", "{FBEB6DB3-41D4-4866-8D50-C2C03CA13C3B}"
EndProject
Project("{9A19103F-16F7-4668-BE54-9A1E7A4F7556}") = "Tutorial19", "Tutorial19\Tutorial19.csproj", "{58DED9EF-6D56-4840-87D7-9C60F89E4598}"
EndProject
Project("{9A19103F-16F7-4668-BE54-9A1E7A4F7556}") = "Tutorial20", "Tutorial20\Tutorial20.csproj", "{5BC5DF52-1819-4615-811D-EFC37C61CAC4}"
EndProject
Global
	GlobalSection(SolutionConfigurationPlatforms) = preSolution
		Debug|Any CPU = Debug|Any CPU
		Release|Any CPU = Release|Any CPU
	EndGlobalSection
	GlobalSection(ProjectConfigurationPlatforms) = postSolution
		{C9CE3970-77BD-470A-986D-B394DF02F2F0}.Debug|Any CPU.ActiveCfg = Debug|Any CPU
		{C9CE3970-77BD-470A-986D-B394DF02F2F0}.Debug|Any CPU.Build.0 = Debug|Any CPU
		{C9CE3970-77BD-470A-986D-B394DF02F2F0}.Release|Any CPU.ActiveCfg = Release|Any CPU
		{C9CE3970-77BD-470A-986D-B394DF02F2F0}.Release|Any CPU.Build.0 = Release|Any CPU
		{F826579F-640D-4642-B9F5-E192A7495385}.Debug|Any CPU.ActiveCfg = Debug|Any CPU
		{F826579F-640D-4642-B9F5-E192A7495385}.Debug|Any CPU.Build.0 = Debug|Any CPU
		{F826579F-640D-4642-B9F5-E192A7495385}.Release|Any CPU.ActiveCfg = Release|Any CPU
		{F826579F-640D-4642-B9F5-E192A7495385}.Release|Any CPU.Build.0 = Release|Any CPU
		{C564BF24-2489-4196-B788-3902003BA2DB}.Debug|Any CPU.ActiveCfg = Debug|Any CPU
		{C564BF24-2489-4196-B788-3902003BA2DB}.Debug|Any CPU.Build.0 = Debug|Any CPU
		{C564BF24-2489-4196-B788-3902003BA2DB}.Release|Any CPU.ActiveCfg = Release|Any CPU
		{C564BF24-2489-4196-B788-3902003BA2DB}.Release|Any CPU.Build.0 = Release|Any CPU
		{51B4F093-B12E-4504-8A88-B2558F480587}.Debug|Any CPU.ActiveCfg = Debug|Any CPU
		{51B4F093-B12E-4504-8A88-B2558F480587}.Debug|Any CPU.Build.0 = Debug|Any CPU
		{51B4F093-B12E-4504-8A88-B2558F480587}.Release|Any CPU.ActiveCfg = Release|Any CPU
		{51B4F093-B12E-4504-8A88-B2558F480587}.Release|Any CPU.Build.0 = Release|Any CPU
		{E2DB556B-C0F2-47F7-87CF-940348BD1F80}.Debug|Any CPU.ActiveCfg = Debug|Any CPU
		{E2DB556B-C0F2-47F7-87CF-940348BD1F80}.Debug|Any CPU.Build.0 = Debug|Any CPU
		{E2DB556B-C0F2-47F7-87CF-940348BD1F80}.Release|Any CPU.ActiveCfg = Release|Any CPU
		{E2DB556B-C0F2-47F7-87CF-940348BD1F80}.Release|Any CPU.Build.0 = Release|Any CPU
		{84EBEF73-6854-4B18-B22B-BE1884343A1E}.Debug|Any CPU.ActiveCfg = Debug|Any CPU
		{84EBEF73-6854-4B18-B22B-BE1884343A1E}.Debug|Any CPU.Build.0 = Debug|Any CPU
		{84EBEF73-6854-4B18-B22B-BE1884343A1E}.Release|Any CPU.ActiveCfg = Release|Any CPU
		{84EBEF73-6854-4B18-B22B-BE1884343A1E}.Release|Any CPU.Build.0 = Release|Any CPU
		{3FAE6EB9-6814-4025-96E1-6C148DEB1188}.Debug|Any CPU.ActiveCfg = Debug|Any CPU
		{3FAE6EB9-6814-4025-96E1-6C148DEB1188}.Debug|Any CPU.Build.0 = Debug|Any CPU
		{3FAE6EB9-6814-4025-96E1-6C148DEB1188}.Release|Any CPU.ActiveCfg = Release|Any CPU
		{3FAE6EB9-6814-4025-96E1-6C148DEB1188}.Release|Any CPU.Build.0 = Release|Any CPU
		{D9ACB79D-723C-4136-A740-01D5A34DD77A}.Debug|Any CPU.ActiveCfg = Debug|Any CPU
		{D9ACB79D-723C-4136-A740-01D5A34DD77A}.Debug|Any CPU.Build.0 = Debug|Any CPU
		{D9ACB79D-723C-4136-A740-01D5A34DD77A}.Release|Any CPU.ActiveCfg = Release|Any CPU
		{D9ACB79D-723C-4136-A740-01D5A34DD77A}.Release|Any CPU.Build.0 = Release|Any CPU
		{ABBEC616-080F-470D-9004-8D4C1D760CC3}.Debug|Any CPU.ActiveCfg = Debug|Any CPU
		{ABBEC616-080F-470D-9004-8D4C1D760CC3}.Debug|Any CPU.Build.0 = Debug|Any CPU
		{ABBEC616-080F-470D-9004-8D4C1D760CC3}.Release|Any CPU.ActiveCfg = Release|Any CPU
		{ABBEC616-080F-470D-9004-8D4C1D760CC3}.Release|Any CPU.Build.0 = Release|Any CPU
		{A7791FE8-440A-4549-86AF-A88CE3C46805}.Debug|Any CPU.ActiveCfg = Debug|Any CPU
		{A7791FE8-440A-4549-86AF-A88CE3C46805}.Debug|Any CPU.Build.0 = Debug|Any CPU
		{A7791FE8-440A-4549-86AF-A88CE3C46805}.Release|Any CPU.ActiveCfg = Release|Any CPU
		{A7791FE8-440A-4549-86AF-A88CE3C46805}.Release|Any CPU.Build.0 = Release|Any CPU
		{92077F17-6E08-47C6-92F5-C1E6C6EAF401}.Debug|Any CPU.ActiveCfg = Debug|Any CPU
		{92077F17-6E08-47C6-92F5-C1E6C6EAF401}.Debug|Any CPU.Build.0 = Debug|Any CPU
		{92077F17-6E08-47C6-92F5-C1E6C6EAF401}.Release|Any CPU.ActiveCfg = Release|Any CPU
		{92077F17-6E08-47C6-92F5-C1E6C6EAF401}.Release|Any CPU.Build.0 = Release|Any CPU
		{0B454CB1-FBFB-4860-AE53-D6218E381C83}.Debug|Any CPU.ActiveCfg = Debug|Any CPU
		{0B454CB1-FBFB-4860-AE53-D6218E381C83}.Debug|Any CPU.Build.0 = Debug|Any CPU
		{0B454CB1-FBFB-4860-AE53-D6218E381C83}.Release|Any CPU.ActiveCfg = Release|Any CPU
		{0B454CB1-FBFB-4860-AE53-D6218E381C83}.Release|Any CPU.Build.0 = Release|Any CPU
		{BDCA9D69-550E-49A5-A9C4-C75227830D7A}.Debug|Any CPU.ActiveCfg = Debug|Any CPU
		{BDCA9D69-550E-49A5-A9C4-C75227830D7A}.Debug|Any CPU.Build.0 = Debug|Any CPU
		{BDCA9D69-550E-49A5-A9C4-C75227830D7A}.Release|Any CPU.ActiveCfg = Release|Any CPU
		{BDCA9D69-550E-49A5-A9C4-C75227830D7A}.Release|Any CPU.Build.0 = Release|Any CPU
		{6394A341-70AF-48D1-80E4-64C6157462F7}.Debug|Any CPU.ActiveCfg = Debug|Any CPU
		{6394A341-70AF-48D1-80E4-64C6157462F7}.Debug|Any CPU.Build.0 = Debug|Any CPU
		{6394A341-70AF-48D1-80E4-64C6157462F7}.Release|Any CPU.ActiveCfg = Release|Any CPU
		{6394A341-70AF-48D1-80E4-64C6157462F7}.Release|Any CPU.Build.0 = Release|Any CPU
		{007FC05F-3734-4911-A02D-A0CC94BD858C}.Debug|Any CPU.ActiveCfg = Debug|Any CPU
		{007FC05F-3734-4911-A02D-A0CC94BD858C}.Debug|Any CPU.Build.0 = Debug|Any CPU
		{007FC05F-3734-4911-A02D-A0CC94BD858C}.Release|Any CPU.ActiveCfg = Release|Any CPU
		{007FC05F-3734-4911-A02D-A0CC94BD858C}.Release|Any CPU.Build.0 = Release|Any CPU
		{5055BFB5-487B-424F-ABF8-4E8A15991CBE}.Debug|Any CPU.ActiveCfg = Debug|Any CPU
		{5055BFB5-487B-424F-ABF8-4E8A15991CBE}.Debug|Any CPU.Build.0 = Debug|Any CPU
		{5055BFB5-487B-424F-ABF8-4E8A15991CBE}.Release|Any CPU.ActiveCfg = Release|Any CPU
		{5055BFB5-487B-424F-ABF8-4E8A15991CBE}.Release|Any CPU.Build.0 = Release|Any CPU
		{0FA5C7F5-276E-433A-BC66-1F9E68BB1DCE}.Debug|Any CPU.ActiveCfg = Debug|Any CPU
		{0FA5C7F5-276E-433A-BC66-1F9E68BB1DCE}.Debug|Any CPU.Build.0 = Debug|Any CPU
		{0FA5C7F5-276E-433A-BC66-1F9E68BB1DCE}.Release|Any CPU.ActiveCfg = Release|Any CPU
		{0FA5C7F5-276E-433A-BC66-1F9E68BB1DCE}.Release|Any CPU.Build.0 = Release|Any CPU
		{91F012BC-1F0D-4A61-BE2D-B64D9761591D}.Debug|Any CPU.ActiveCfg = Debug|Any CPU
		{91F012BC-1F0D-4A61-BE2D-B64D9761591D}.Debug|Any CPU.Build.0 = Debug|Any CPU
		{91F012BC-1F0D-4A61-BE2D-B64D9761591D}.Release|Any CPU.ActiveCfg = Release|Any CPU
		{91F012BC-1F0D-4A61-BE2D-B64D9761591D}.Release|Any CPU.Build.0 = Release|Any CPU
		{FBEB6DB3-41D4-4866-8D50-C2C03CA13C3B}.Debug|Any CPU.ActiveCfg = Debug|Any CPU
		{FBEB6DB3-41D4-4866-8D50-C2C03CA13C3B}.Debug|Any CPU.Build.0 = Debug|Any CPU
		{FBEB6DB3-41D4-4866-8D50-C2C03CA13C3B}.Release|Any CPU.ActiveCfg = Release|Any CPU
		{FBEB6DB3-41D4-4866-8D50-C2C03CA13C3B}.Release|Any CPU.Build.0 = Release|Any CPU
		{58DED9EF-6D56-4840-87D7-9C60F89E4598}.Debug|Any CPU.ActiveCfg = Debug|Any CPU
		{58DED9EF-6D56-4840-87D7-9C60F89E4598}.Debug|Any CPU.Build.0 = Debug|Any CPU
		{58DED9EF-6D56-4840-87D7-9C60F89E4598}.Release|Any CPU.ActiveCfg = Release|Any CPU
		{58DED9EF-6D56-4840-87D7-9C60F89E4598}.Release|Any CPU.Build.0 = Release|Any CPU
		{5BC5DF52-1819-4615-811D-EFC37C61CAC4}.Debug|Any CPU.ActiveCfg = Debug|Any CPU
		{5BC5DF52-1819-4615-811D-EFC37C61CAC4}.Debug|Any CPU.Build.0 = Debug|Any CPU
		{5BC5DF52-1819-4615-811D-EFC37C61CAC4}.Release|Any CPU.ActiveCfg = Release|Any CPU
		{5BC5DF52-1819-4615-811D-EFC37C61CAC4}.Release|Any CPU.Build.0 = Release|Any CPU
	EndGlobalSection
	GlobalSection(SolutionProperties) = preSolution
		HideSolutionNode = FALSE
	EndGlobalSection
	GlobalSection(ExtensibilityGlobals) = postSolution
		SolutionGuid = {51786E58-D835-465C-BB01-1ACB5BD9C7A0}
	EndGlobalSection
EndGlobal
